
Microsoft Visual Studio Solution File, Format Version 12.00
# Visual Studio Version 17
VisualStudioVersion = 17.4.33213.308
MinimumVisualStudioVersion = 10.0.40219.1
Project("{9A19103F-16F7-4668-BE54-9A1E7A4F7556}") = "RestWithASPNETUdemy", "RestWithASPNETUdemy\RestWithASPNETUdemy.csproj", "{0CBB6372-CC8C-4CA5-B9D3-8A064F883CC3}"
EndProject
Project("{E53339B2-1760-4266-BCC7-CA923CBCF16C}") = "docker-compose", "docker-compose.dcproj", "{D88F8969-CC5E-43B9-B429-BC2832BC95BA}"
EndProject
Global
	GlobalSection(SolutionConfigurationPlatforms) = preSolution
		Debug|Any CPU = Debug|Any CPU
		Release|Any CPU = Release|Any CPU
	EndGlobalSection
	GlobalSection(ProjectConfigurationPlatforms) = postSolution
		{0CBB6372-CC8C-4CA5-B9D3-8A064F883CC3}.Debug|Any CPU.ActiveCfg = Debug|Any CPU
		{0CBB6372-CC8C-4CA5-B9D3-8A064F883CC3}.Debug|Any CPU.Build.0 = Debug|Any CPU
		{0CBB6372-CC8C-4CA5-B9D3-8A064F883CC3}.Release|Any CPU.ActiveCfg = Release|Any CPU
		{0CBB6372-CC8C-4CA5-B9D3-8A064F883CC3}.Release|Any CPU.Build.0 = Release|Any CPU
		{D88F8969-CC5E-43B9-B429-BC2832BC95BA}.Debug|Any CPU.ActiveCfg = Debug|Any CPU
		{D88F8969-CC5E-43B9-B429-BC2832BC95BA}.Debug|Any CPU.Build.0 = Debug|Any CPU
		{D88F8969-CC5E-43B9-B429-BC2832BC95BA}.Release|Any CPU.ActiveCfg = Release|Any CPU
		{D88F8969-CC5E-43B9-B429-BC2832BC95BA}.Release|Any CPU.Build.0 = Release|Any CPU
	EndGlobalSection
	GlobalSection(SolutionProperties) = preSolution
		HideSolutionNode = FALSE
	EndGlobalSection
	GlobalSection(ExtensibilityGlobals) = postSolution
		SolutionGuid = {AA2BC437-48E8-4160-B08D-2A3064A00172}
	EndGlobalSection
EndGlobal
